
Microsoft Visual Studio Solution File, Format Version 12.00
# Visual Studio Version 17
VisualStudioVersion = 17.10.35013.160
MinimumVisualStudioVersion = 10.0.40219.1
Project("{FAE04EC0-301F-11D3-BF4B-00C04F79EFBC}") = "TestRvCamDLL_CS", "TestRvCamDLL_CS\TestRvCamDLL_CS.csproj", "{A196DFDE-771B-462D-B83F-F11EA34ABD93}"
EndProject
Global
	GlobalSection(SolutionConfigurationPlatforms) = preSolution
		Debug|Any CPU = Debug|Any CPU
		Debug|x64 = Debug|x64
		Release|Any CPU = Release|Any CPU
		Release|x64 = Release|x64
	EndGlobalSection
	GlobalSection(ProjectConfigurationPlatforms) = postSolution
		{A196DFDE-771B-462D-B83F-F11EA34ABD93}.Debug|Any CPU.ActiveCfg = Debug|Any CPU
		{A196DFDE-771B-462D-B83F-F11EA34ABD93}.Debug|Any CPU.Build.0 = Debug|Any CPU
		{A196DFDE-771B-462D-B83F-F11EA34ABD93}.Debug|x64.ActiveCfg = Debug|x64
		{A196DFDE-771B-462D-B83F-F11EA34ABD93}.Debug|x64.Build.0 = Debug|x64
		{A196DFDE-771B-462D-B83F-F11EA34ABD93}.Release|Any CPU.ActiveCfg = Release|Any CPU
		{A196DFDE-771B-462D-B83F-F11EA34ABD93}.Release|Any CPU.Build.0 = Release|Any CPU
		{A196DFDE-771B-462D-B83F-F11EA34ABD93}.Release|x64.ActiveCfg = Release|x64
		{A196DFDE-771B-462D-B83F-F11EA34ABD93}.Release|x64.Build.0 = Release|x64
	EndGlobalSection
	GlobalSection(SolutionProperties) = preSolution
		HideSolutionNode = FALSE
	EndGlobalSection
	GlobalSection(ExtensibilityGlobals) = postSolution
		SolutionGuid = {E46C31CD-7382-4F75-A3B9-C278023D3873}
	EndGlobalSection
EndGlobal
